{
  "nodes": {
    "dinix": {
      "flake": false,
      "locked": {
        "lastModified": 1763918467,
        "narHash": "sha256-U/su/TftKztIq8eaFNmd6Tdm1sR/G6sqbCaOvH4ixtE=",
        "owner": "lillecarl",
        "repo": "dinix",
        "rev": "837b5f8e2e9c9bf4219b3499c61b3ee3fa1beec3",
        "type": "github"
      },
      "original": {
        "owner": "lillecarl",
        "repo": "dinix",
        "type": "github"
      }
    },
    "easykubenix": {
      "flake": false,
      "locked": {
        "lastModified": 1763943450,
        "narHash": "sha256-V88fdoF+TYqLgtfrdM19VdGfubohfhGXqb3BUE/H3zA=",
        "owner": "lillecarl",
        "repo": "easykubenix",
        "rev": "31d4df88afecf586c441c833fba5667a9413180e",
        "type": "github"
      },
      "original": {
        "owner": "lillecarl",
        "repo": "easykubenix",
        "type": "github"
      }
    },
    "flake-compatish": {
      "flake": false,
      "locked": {
        "lastModified": 1761756986,
        "narHash": "sha256-tVpAaOnxCCd3QE4wgPiIeaGQOxjH/rgKLwrt6cjfeZQ=",
        "owner": "lillecarl",
        "repo": "flake-compatish",
        "rev": "cdca78f6ff83848a0f39e53b72fe4c82ba4fd787",
        "type": "github"
      },
      "original": {
        "owner": "lillecarl",
        "repo": "flake-compatish",
        "type": "github"
      }
    },
    "nix2container": {
      "flake": false,
      "locked": {
        "lastModified": 1761716996,
        "narHash": "sha256-vdOuy2pid2/DasUgb08lDOswdPJkN5qjXfBYItVy/R4=",
        "owner": "nlewo",
        "repo": "nix2container",
        "rev": "e5496ab66e9de9e3f67dc06f692dfbc471b6316e",
        "type": "github"
      },
      "original": {
        "owner": "nlewo",
        "repo": "nix2container",
        "type": "github"
      }
    },
    "nixpkgs": {
      "locked": {
        "lastModified": 1766902085,
        "narHash": "sha256-coBu0ONtFzlwwVBzmjacUQwj3G+lybcZ1oeNSQkgC0M=",
        "owner": "NixOS",
        "repo": "nixpkgs",
        "rev": "c0b0e0fddf73fd517c3471e546c0df87a42d53f4",
        "type": "github"
      },
      "original": {
        "owner": "NixOS",
        "ref": "nixos-unstable",
        "repo": "nixpkgs",
        "type": "github"
      }
    },
    "root": {
      "inputs": {
        "dinix": "dinix",
        "easykubenix": "easykubenix",
        "flake-compatish": "flake-compatish",
        "nix2container": "nix2container",
        "nixpkgs": "nixpkgs"
      }
    }
  },
  "root": "root",
  "version": 7
}
