{
  "nodes": {
    "dinix": {
      "flake": false,
      "locked": {
        "lastModified": 1763252734,
        "narHash": "sha256-S1rA0DsDgr9QrMUIV5sjyG76CSxRq0fGKw3YwPVqHwY=",
        "owner": "lillecarl",
        "repo": "dinix",
        "rev": "283a6c8f05952b97c0899883f4af9fadfa12262f",
        "type": "github"
      },
      "original": {
        "owner": "lillecarl",
        "repo": "dinix",
        "type": "github"
      }
    },
    "flake-compatish": {
      "flake": false,
      "locked": {
        "lastModified": 1761756986,
        "narHash": "sha256-tVpAaOnxCCd3QE4wgPiIeaGQOxjH/rgKLwrt6cjfeZQ=",
        "owner": "lillecarl",
        "repo": "flake-compatish",
        "rev": "cdca78f6ff83848a0f39e53b72fe4c82ba4fd787",
        "type": "github"
      },
      "original": {
        "owner": "lillecarl",
        "repo": "flake-compatish",
        "type": "github"
      }
    },
    "nix2container": {
      "flake": false,
      "locked": {
        "lastModified": 1761716996,
        "narHash": "sha256-vdOuy2pid2/DasUgb08lDOswdPJkN5qjXfBYItVy/R4=",
        "owner": "nlewo",
        "repo": "nix2container",
        "rev": "e5496ab66e9de9e3f67dc06f692dfbc471b6316e",
        "type": "github"
      },
      "original": {
        "owner": "nlewo",
        "repo": "nix2container",
        "type": "github"
      }
    },
    "nixpkgs": {
      "locked": {
        "lastModified": 1759036355,
        "narHash": "sha256-0m27AKv6ka+q270dw48KflE0LwQYrO7Fm4/2//KCVWg=",
        "owner": "NixOS",
        "repo": "nixpkgs",
        "rev": "e9f00bd893984bc8ce46c895c3bf7cac95331127",
        "type": "github"
      },
      "original": {
        "owner": "NixOS",
        "ref": "nixos-unstable",
        "repo": "nixpkgs",
        "type": "github"
      }
    },
    "root": {
      "inputs": {
        "dinix": "dinix",
        "flake-compatish": "flake-compatish",
        "nix2container": "nix2container",
        "nixpkgs": "nixpkgs"
      }
    }
  },
  "root": "root",
  "version": 7
}
